
Microsoft Visual Studio Solution File, Format Version 12.00
# Visual Studio Version 17
VisualStudioVersion = 17.10.35122.118
MinimumVisualStudioVersion = 10.0.40219.1
Project("{FAE04EC0-301F-11D3-BF4B-00C04F79EFBC}") = "WineStore", "WineStore\WineStore.csproj", "{6DCF761B-E70E-40C4-8392-6E82CCBCE7B9}"
EndProject
Global
	GlobalSection(SolutionConfigurationPlatforms) = preSolution
		Debug|Any CPU = Debug|Any CPU
		Release|Any CPU = Release|Any CPU
	EndGlobalSection
	GlobalSection(ProjectConfigurationPlatforms) = postSolution
		{6DCF761B-E70E-40C4-8392-6E82CCBCE7B9}.Debug|Any CPU.ActiveCfg = Debug|Any CPU
		{6DCF761B-E70E-40C4-8392-6E82CCBCE7B9}.Debug|Any CPU.Build.0 = Debug|Any CPU
		{6DCF761B-E70E-40C4-8392-6E82CCBCE7B9}.Release|Any CPU.ActiveCfg = Release|Any CPU
		{6DCF761B-E70E-40C4-8392-6E82CCBCE7B9}.Release|Any CPU.Build.0 = Release|Any CPU
	EndGlobalSection
	GlobalSection(SolutionProperties) = preSolution
		HideSolutionNode = FALSE
	EndGlobalSection
	GlobalSection(ExtensibilityGlobals) = postSolution
		SolutionGuid = {204A20CA-3546-412F-B505-D954CF1608D8}
	EndGlobalSection
EndGlobal
